
Microsoft Visual Studio Solution File, Format Version 12.00
# Visual Studio Version 16
VisualStudioVersion = 16.0.32106.194
MinimumVisualStudioVersion = 10.0.40219.1
Project("{8BC9CEB8-8B4A-11D0-8D11-00A0C91BC942}") = "MinnalHTTP", "MinnalHTTP\MinnalHTTP.vcxproj", "{0B768448-ACA1-429B-A3FD-D705EF13DE62}"
EndProject
Global
	GlobalSection(SolutionConfigurationPlatforms) = preSolution
		Debug|x64 = Debug|x64
		Debug|x86 = Debug|x86
		Release|x64 = Release|x64
		Release|x86 = Release|x86
	EndGlobalSection
	GlobalSection(ProjectConfigurationPlatforms) = postSolution
		{0B768448-ACA1-429B-A3FD-D705EF13DE62}.Debug|x64.ActiveCfg = Debug|x64
		{0B768448-ACA1-429B-A3FD-D705EF13DE62}.Debug|x64.Build.0 = Debug|x64
		{0B768448-ACA1-429B-A3FD-D705EF13DE62}.Debug|x86.ActiveCfg = Debug|Win32
		{0B768448-ACA1-429B-A3FD-D705EF13DE62}.Debug|x86.Build.0 = Debug|Win32
		{0B768448-ACA1-429B-A3FD-D705EF13DE62}.Release|x64.ActiveCfg = Release|x64
		{0B768448-ACA1-429B-A3FD-D705EF13DE62}.Release|x64.Build.0 = Release|x64
		{0B768448-ACA1-429B-A3FD-D705EF13DE62}.Release|x86.ActiveCfg = Release|Win32
		{0B768448-ACA1-429B-A3FD-D705EF13DE62}.Release|x86.Build.0 = Release|Win32
	EndGlobalSection
	GlobalSection(SolutionProperties) = preSolution
		HideSolutionNode = FALSE
	EndGlobalSection
	GlobalSection(ExtensibilityGlobals) = postSolution
		SolutionGuid = {060D8F9D-145D-416D-9CA6-6894212F8263}
	EndGlobalSection
EndGlobal
